
Microsoft Visual Studio Solution File, Format Version 12.00
# Visual Studio Version 17
VisualStudioVersion = 17.14.36401.2 d17.14
MinimumVisualStudioVersion = 10.0.40219.1
Project("{FAE04EC0-301F-11D3-BF4B-00C04F79EFBC}") = "Mail", "Mail\Mail.csproj", "{1EB7D85F-CD89-44D5-9C88-92C72B489743}"
EndProject
Global
	GlobalSection(SolutionConfigurationPlatforms) = preSolution
		Debug|Any CPU = Debug|Any CPU
		Release|Any CPU = Release|Any CPU
	EndGlobalSection
	GlobalSection(ProjectConfigurationPlatforms) = postSolution
		{1EB7D85F-CD89-44D5-9C88-92C72B489743}.Debug|Any CPU.ActiveCfg = Debug|Any CPU
		{1EB7D85F-CD89-44D5-9C88-92C72B489743}.Debug|Any CPU.Build.0 = Debug|Any CPU
		{1EB7D85F-CD89-44D5-9C88-92C72B489743}.Release|Any CPU.ActiveCfg = Release|Any CPU
		{1EB7D85F-CD89-44D5-9C88-92C72B489743}.Release|Any CPU.Build.0 = Release|Any CPU
	EndGlobalSection
	GlobalSection(SolutionProperties) = preSolution
		HideSolutionNode = FALSE
	EndGlobalSection
	GlobalSection(ExtensibilityGlobals) = postSolution
		SolutionGuid = {299435D0-B4D1-4C26-BB7F-07137C27C864}
	EndGlobalSection
EndGlobal
